// !$*UTF8*$!
{
	archiveVersion = 1;
	classes = {
	};
	objectVersion = 50;
	objects = {

/* Begin PBXBuildFile section */
		F631145B26775CD2008F474A /* TaskEditController.swift in Sources */ = {isa = PBXBuildFile; fileRef = F631145A26775CD2008F474A /* TaskEditController.swift */; };
		F631145D2677616D008F474A /* TaskTypeController.swift in Sources */ = {isa = PBXBuildFile; fileRef = F631145C2677616D008F474A /* TaskTypeController.swift */; };
		F6311460267763B3008F474A /* TaskTypeCell.swift in Sources */ = {isa = PBXBuildFile; fileRef = F631145E267763B3008F474A /* TaskTypeCell.swift */; };
		F6311461267763B3008F474A /* TaskTypeCell.xib in Resources */ = {isa = PBXBuildFile; fileRef = F631145F267763B3008F474A /* TaskTypeCell.xib */; };
		F698F1D526737C2600B79D04 /* AppDelegate.swift in Sources */ = {isa = PBXBuildFile; fileRef = F698F1D426737C2600B79D04 /* AppDelegate.swift */; };
		F698F1D726737C2600B79D04 /* SceneDelegate.swift in Sources */ = {isa = PBXBuildFile; fileRef = F698F1D626737C2600B79D04 /* SceneDelegate.swift */; };
		F698F1DC26737C2600B79D04 /* Main.storyboard in Resources */ = {isa = PBXBuildFile; fileRef = F698F1DA26737C2600B79D04 /* Main.storyboard */; };
		F698F1DE26737C2600B79D04 /* Assets.xcassets in Resources */ = {isa = PBXBuildFile; fileRef = F698F1DD26737C2600B79D04 /* Assets.xcassets */; };
		F698F1E126737C2600B79D04 /* LaunchScreen.storyboard in Resources */ = {isa = PBXBuildFile; fileRef = F698F1DF26737C2600B79D04 /* LaunchScreen.storyboard */; };
		F698F1E926737CAB00B79D04 /* TaskListController.swift in Sources */ = {isa = PBXBuildFile; fileRef = F698F1E826737CAB00B79D04 /* TaskListController.swift */; };
		F698F1EC26737EEE00B79D04 /* Task.swift in Sources */ = {isa = PBXBuildFile; fileRef = F698F1EB26737EEE00B79D04 /* Task.swift */; };
		F698F1EE267381F100B79D04 /* TasksStorage.swift in Sources */ = {isa = PBXBuildFile; fileRef = F698F1ED267381F100B79D04 /* TasksStorage.swift */; };
		F698F1F326739C5500B79D04 /* TaskCell.swift in Sources */ = {isa = PBXBuildFile; fileRef = F698F1F226739C5500B79D04 /* TaskCell.swift */; };
/* End PBXBuildFile section */

/* Begin PBXFileReference section */
		F631145A26775CD2008F474A /* TaskEditController.swift */ = {isa = PBXFileReference; lastKnownFileType = sourcecode.swift; path = TaskEditController.swift; sourceTree = "<group>"; };
		F631145C2677616D008F474A /* TaskTypeController.swift */ = {isa = PBXFileReference; lastKnownFileType = sourcecode.swift; path = TaskTypeController.swift; sourceTree = "<group>"; };
		F631145E267763B3008F474A /* TaskTypeCell.swift */ = {isa = PBXFileReference; lastKnownFileType = sourcecode.swift; path = TaskTypeCell.swift; sourceTree = "<group>"; };
		F631145F267763B3008F474A /* TaskTypeCell.xib */ = {isa = PBXFileReference; lastKnownFileType = file.xib; path = TaskTypeCell.xib; sourceTree = "<group>"; };
		F698F1D126737C2600B79D04 /* To-Do Manager.app */ = {isa = PBXFileReference; explicitFileType = wrapper.application; includeInIndex = 0; path = "To-Do Manager.app"; sourceTree = BUILT_PRODUCTS_DIR; };
		F698F1D426737C2600B79D04 /* AppDelegate.swift */ = {isa = PBXFileReference; lastKnownFileType = sourcecode.swift; path = AppDelegate.swift; sourceTree = "<group>"; };
		F698F1D626737C2600B79D04 /* SceneDelegate.swift */ = {isa = PBXFileReference; lastKnownFileType = sourcecode.swift; path = SceneDelegate.swift; sourceTree = "<group>"; };
		F698F1DB26737C2600B79D04 /* Base */ = {isa = PBXFileReference; lastKnownFileType = file.storyboard; name = Base; path = Base.lproj/Main.storyboard; sourceTree = "<group>"; };
		F698F1DD26737C2600B79D04 /* Assets.xcassets */ = {isa = PBXFileReference; lastKnownFileType = folder.assetcatalog; path = Assets.xcassets; sourceTree = "<group>"; };
		F698F1E026737C2600B79D04 /* Base */ = {isa = PBXFileReference; lastKnownFileType = file.storyboard; name = Base; path = Base.lproj/LaunchScreen.storyboard; sourceTree = "<group>"; };
		F698F1E226737C2600B79D04 /* Info.plist */ = {isa = PBXFileReference; lastKnownFileType = text.plist.xml; path = Info.plist; sourceTree = "<group>"; };
		F698F1E826737CAB00B79D04 /* TaskListController.swift */ = {isa = PBXFileReference; lastKnownFileType = sourcecode.swift; path = TaskListController.swift; sourceTree = "<group>"; };
		F698F1EB26737EEE00B79D04 /* Task.swift */ = {isa = PBXFileReference; lastKnownFileType = sourcecode.swift; path = Task.swift; sourceTree = "<group>"; };
		F698F1ED267381F100B79D04 /* TasksStorage.swift */ = {isa = PBXFileReference; lastKnownFileType = sourcecode.swift; path = TasksStorage.swift; sourceTree = "<group>"; };
		F698F1F226739C5500B79D04 /* TaskCell.swift */ = {isa = PBXFileReference; lastKnownFileType = sourcecode.swift; path = TaskCell.swift; sourceTree = "<group>"; };
/* End PBXFileReference section */

/* Begin PBXFrameworksBuildPhase section */
		F698F1CE26737C2600B79D04 /* Frameworks */ = {
			isa = PBXFrameworksBuildPhase;
			buildActionMask = 2147483647;
			files = (
			);
			runOnlyForDeploymentPostprocessing = 0;
		};
/* End PBXFrameworksBuildPhase section */

/* Begin PBXGroup section */
		F631145926775C80008F474A /* Controller */ = {
			isa = PBXGroup;
			children = (
				F698F1E826737CAB00B79D04 /* TaskListController.swift */,
				F631145A26775CD2008F474A /* TaskEditController.swift */,
				F631145C2677616D008F474A /* TaskTypeController.swift */,
			);
			path = Controller;
			sourceTree = "<group>";
		};
		F698F1C826737C2600B79D04 = {
			isa = PBXGroup;
			children = (
				F698F1D326737C2600B79D04 /* To-Do Manager */,
				F698F1D226737C2600B79D04 /* Products */,
			);
			sourceTree = "<group>";
		};
		F698F1D226737C2600B79D04 /* Products */ = {
			isa = PBXGroup;
			children = (
				F698F1D126737C2600B79D04 /* To-Do Manager.app */,
			);
			name = Products;
			sourceTree = "<group>";
		};
		F698F1D326737C2600B79D04 /* To-Do Manager */ = {
			isa = PBXGroup;
			children = (
				F698F1D426737C2600B79D04 /* AppDelegate.swift */,
				F698F1D626737C2600B79D04 /* SceneDelegate.swift */,
				F698F1EF26739C0F00B79D04 /* View */,
				F698F1EA26737ED700B79D04 /* Model */,
				F631145926775C80008F474A /* Controller */,
				F698F1DD26737C2600B79D04 /* Assets.xcassets */,
				F698F1DF26737C2600B79D04 /* LaunchScreen.storyboard */,
				F698F1E226737C2600B79D04 /* Info.plist */,
			);
			path = "To-Do Manager";
			sourceTree = "<group>";
		};
		F698F1EA26737ED700B79D04 /* Model */ = {
			isa = PBXGroup;
			children = (
				F698F1EB26737EEE00B79D04 /* Task.swift */,
				F698F1ED267381F100B79D04 /* TasksStorage.swift */,
			);
			path = Model;
			sourceTree = "<group>";
		};
		F698F1EF26739C0F00B79D04 /* View */ = {
			isa = PBXGroup;
			children = (
				F698F1DA26737C2600B79D04 /* Main.storyboard */,
				F698F1F126739C3A00B79D04 /* Cells */,
			);
			path = View;
			sourceTree = "<group>";
		};
		F698F1F126739C3A00B79D04 /* Cells */ = {
			isa = PBXGroup;
			children = (
				F698F1F226739C5500B79D04 /* TaskCell.swift */,
				F631145E267763B3008F474A /* TaskTypeCell.swift */,
				F631145F267763B3008F474A /* TaskTypeCell.xib */,
			);
			path = Cells;
			sourceTree = "<group>";
		};
/* End PBXGroup section */

/* Begin PBXNativeTarget section */
		F698F1D026737C2600B79D04 /* To-Do Manager */ = {
			isa = PBXNativeTarget;
			buildConfigurationList = F698F1E526737C2600B79D04 /* Build configuration list for PBXNativeTarget "To-Do Manager" */;
			buildPhases = (
				F698F1CD26737C2600B79D04 /* Sources */,
				F698F1CE26737C2600B79D04 /* Frameworks */,
				F698F1CF26737C2600B79D04 /* Resources */,
			);
			buildRules = (
			);
			dependencies = (
			);
			name = "To-Do Manager";
			productName = "To-Do Manager";
			productReference = F698F1D126737C2600B79D04 /* To-Do Manager.app */;
			productType = "com.apple.product-type.application";
		};
/* End PBXNativeTarget section */

/* Begin PBXProject section */
		F698F1C926737C2600B79D04 /* Project object */ = {
			isa = PBXProject;
			attributes = {
				LastSwiftUpdateCheck = 1250;
				LastUpgradeCheck = 1250;
				TargetAttributes = {
					F698F1D026737C2600B79D04 = {
						CreatedOnToolsVersion = 12.5;
					};
				};
			};
			buildConfigurationList = F698F1CC26737C2600B79D04 /* Build configuration list for PBXProject "To-Do Manager" */;
			compatibilityVersion = "Xcode 9.3";
			developmentRegion = en;
			hasScannedForEncodings = 0;
			knownRegions = (
				en,
				Base,
			);
			mainGroup = F698F1C826737C2600B79D04;
			productRefGroup = F698F1D226737C2600B79D04 /* Products */;
			projectDirPath = "";
			projectRoot = "";
			targets = (
				F698F1D026737C2600B79D04 /* To-Do Manager */,
			);
		};
/* End PBXProject section */

/* Begin PBXResourcesBuildPhase section */
		F698F1CF26737C2600B79D04 /* Resources */ = {
			isa = PBXResourcesBuildPhase;
			buildActionMask = 2147483647;
			files = (
				F698F1E126737C2600B79D04 /* LaunchScreen.storyboard in Resources */,
				F698F1DE26737C2600B79D04 /* Assets.xcassets in Resources */,
				F6311461267763B3008F474A /* TaskTypeCell.xib in Resources */,
				F698F1DC26737C2600B79D04 /* Main.storyboard in Resources */,
			);
			runOnlyForDeploymentPostprocessing = 0;
		};
/* End PBXResourcesBuildPhase section */

/* Begin PBXSourcesBuildPhase section */
		F698F1CD26737C2600B79D04 /* Sources */ = {
			isa = PBXSourcesBuildPhase;
			buildActionMask = 2147483647;
			files = (
				F698F1EC26737EEE00B79D04 /* Task.swift in Sources */,
				F698F1D526737C2600B79D04 /* AppDelegate.swift in Sources */,
				F698F1EE267381F100B79D04 /* TasksStorage.swift in Sources */,
				F698F1D726737C2600B79D04 /* SceneDelegate.swift in Sources */,
				F631145D2677616D008F474A /* TaskTypeController.swift in Sources */,
				F698F1F326739C5500B79D04 /* TaskCell.swift in Sources */,
				F698F1E926737CAB00B79D04 /* TaskListController.swift in Sources */,
				F631145B26775CD2008F474A /* TaskEditController.swift in Sources */,
				F6311460267763B3008F474A /* TaskTypeCell.swift in Sources */,
			);
			runOnlyForDeploymentPostprocessing = 0;
		};
/* End PBXSourcesBuildPhase section */

/* Begin PBXVariantGroup section */
		F698F1DA26737C2600B79D04 /* Main.storyboard */ = {
			isa = PBXVariantGroup;
			children = (
				F698F1DB26737C2600B79D04 /* Base */,
			);
			name = Main.storyboard;
			sourceTree = "<group>";
		};
		F698F1DF26737C2600B79D04 /* LaunchScreen.storyboard */ = {
			isa = PBXVariantGroup;
			children = (
				F698F1E026737C2600B79D04 /* Base */,
			);
			name = LaunchScreen.storyboard;
			sourceTree = "<group>";
		};
/* End PBXVariantGroup section */

/* Begin XCBuildConfiguration section */
		F698F1E326737C2600B79D04 /* Debug */ = {
			isa = XCBuildConfiguration;
			buildSettings = {
				ALWAYS_SEARCH_USER_PATHS = NO;
				CLANG_ANALYZER_NONNULL = YES;
				CLANG_ANALYZER_NUMBER_OBJECT_CONVERSION = YES_AGGRESSIVE;
				CLANG_CXX_LANGUAGE_STANDARD = "gnu++14";
				CLANG_CXX_LIBRARY = "libc++";
				CLANG_ENABLE_MODULES = YES;
				CLANG_ENABLE_OBJC_ARC = YES;
				CLANG_ENABLE_OBJC_WEAK = YES;
				CLANG_WARN_BLOCK_CAPTURE_AUTORELEASING = YES;
				CLANG_WARN_BOOL_CONVERSION = YES;
				CLANG_WARN_COMMA = YES;
				CLANG_WARN_CONSTANT_CONVERSION = YES;
				CLANG_WARN_DEPRECATED_OBJC_IMPLEMENTATIONS = YES;
				CLANG_WARN_DIRECT_OBJC_ISA_USAGE = YES_ERROR;
				CLANG_WARN_DOCUMENTATION_COMMENTS = YES;
				CLANG_WARN_EMPTY_BODY = YES;
				CLANG_WARN_ENUM_CONVERSION = YES;
				CLANG_WARN_INFINITE_RECURSION = YES;
				CLANG_WARN_INT_CONVERSION = YES;
				CLANG_WARN_NON_LITERAL_NULL_CONVERSION = YES;
				CLANG_WARN_OBJC_IMPLICIT_RETAIN_SELF = YES;
				CLANG_WARN_OBJC_LITERAL_CONVERSION = YES;
				CLANG_WARN_OBJC_ROOT_CLASS = YES_ERROR;
				CLANG_WARN_QUOTED_INCLUDE_IN_FRAMEWORK_HEADER = YES;
				CLANG_WARN_RANGE_LOOP_ANALYSIS = YES;
				CLANG_WARN_STRICT_PROTOTYPES = YES;
				CLANG_WARN_SUSPICIOUS_MOVE = YES;
				CLANG_WARN_UNGUARDED_AVAILABILITY = YES_AGGRESSIVE;
				CLANG_WARN_UNREACHABLE_CODE = YES;
				CLANG_WARN__DUPLICATE_METHOD_MATCH = YES;
				COPY_PHASE_STRIP = NO;
				DEBUG_INFORMATION_FORMAT = dwarf;
				ENABLE_STRICT_OBJC_MSGSEND = YES;
				ENABLE_TESTABILITY = YES;
				GCC_C_LANGUAGE_STANDARD = gnu11;
				GCC_DYNAMIC_NO_PIC = NO;
				GCC_NO_COMMON_BLOCKS = YES;
				GCC_OPTIMIZATION_LEVEL = 0;
				GCC_PREPROCESSOR_DEFINITIONS = (
					"DEBUG=1",
					"$(inherited)",
				);
				GCC_WARN_64_TO_32_BIT_CONVERSION = YES;
				GCC_WARN_ABOUT_RETURN_TYPE = YES_ERROR;
				GCC_WARN_UNDECLARED_SELECTOR = YES;
				GCC_WARN_UNINITIALIZED_AUTOS = YES_AGGRESSIVE;
				GCC_WARN_UNUSED_FUNCTION = YES;
				GCC_WARN_UNUSED_VARIABLE = YES;
				IPHONEOS_DEPLOYMENT_TARGET = 14.5;
				MTL_ENABLE_DEBUG_INFO = INCLUDE_SOURCE;
				MTL_FAST_MATH = YES;
				ONLY_ACTIVE_ARCH = YES;
				SDKROOT = iphoneos;
				SWIFT_ACTIVE_COMPILATION_CONDITIONS = DEBUG;
				SWIFT_OPTIMIZATION_LEVEL = "-Onone";
			};
			name = Debug;
		};
		F698F1E426737C2600B79D04 /* Release */ = {
			isa = XCBuildConfiguration;
			buildSettings = {
				ALWAYS_SEARCH_USER_PATHS = NO;
				CLANG_ANALYZER_NONNULL = YES;
				CLANG_ANALYZER_NUMBER_OBJECT_CONVERSION = YES_AGGRESSIVE;
				CLANG_CXX_LANGUAGE_STANDARD = "gnu++14";
				CLANG_CXX_LIBRARY = "libc++";
				CLANG_ENABLE_MODULES = YES;
				CLANG_ENABLE_OBJC_ARC = YES;
				CLANG_ENABLE_OBJC_WEAK = YES;
				CLANG_WARN_BLOCK_CAPTURE_AUTORELEASING = YES;
				CLANG_WARN_BOOL_CONVERSION = YES;
				CLANG_WARN_COMMA = YES;
				CLANG_WARN_CONSTANT_CONVERSION = YES;
				CLANG_WARN_DEPRECATED_OBJC_IMPLEMENTATIONS = YES;
				CLANG_WARN_DIRECT_OBJC_ISA_USAGE = YES_ERROR;
				CLANG_WARN_DOCUMENTATION_COMMENTS = YES;
				CLANG_WARN_EMPTY_BODY = YES;
				CLANG_WARN_ENUM_CONVERSION = YES;
				CLANG_WARN_INFINITE_RECURSION = YES;
				CLANG_WARN_INT_CONVERSION = YES;
				CLANG_WARN_NON_LITERAL_NULL_CONVERSION = YES;
				CLANG_WARN_OBJC_IMPLICIT_RETAIN_SELF = YES;
				CLANG_WARN_OBJC_LITERAL_CONVERSION = YES;
				CLANG_WARN_OBJC_ROOT_CLASS = YES_ERROR;
				CLANG_WARN_QUOTED_INCLUDE_IN_FRAMEWORK_HEADER = YES;
				CLANG_WARN_RANGE_LOOP_ANALYSIS = YES;
				CLANG_WARN_STRICT_PROTOTYPES = YES;
				CLANG_WARN_SUSPICIOUS_MOVE = YES;
				CLANG_WARN_UNGUARDED_AVAILABILITY = YES_AGGRESSIVE;
				CLANG_WARN_UNREACHABLE_CODE = YES;
				CLANG_WARN__DUPLICATE_METHOD_MATCH = YES;
				COPY_PHASE_STRIP = NO;
				DEBUG_INFORMATION_FORMAT = "dwarf-with-dsym";
				ENABLE_NS_ASSERTIONS = NO;
				ENABLE_STRICT_OBJC_MSGSEND = YES;
				GCC_C_LANGUAGE_STANDARD = gnu11;
				GCC_NO_COMMON_BLOCKS = YES;
				GCC_WARN_64_TO_32_BIT_CONVERSION = YES;
				GCC_WARN_ABOUT_RETURN_TYPE = YES_ERROR;
				GCC_WARN_UNDECLARED_SELECTOR = YES;
				GCC_WARN_UNINITIALIZED_AUTOS = YES_AGGRESSIVE;
				GCC_WARN_UNUSED_FUNCTION = YES;
				GCC_WARN_UNUSED_VARIABLE = YES;
				IPHONEOS_DEPLOYMENT_TARGET = 14.5;
				MTL_ENABLE_DEBUG_INFO = NO;
				MTL_FAST_MATH = YES;
				SDKROOT = iphoneos;
				SWIFT_COMPILATION_MODE = wholemodule;
				SWIFT_OPTIMIZATION_LEVEL = "-O";
				VALIDATE_PRODUCT = YES;
			};
			name = Release;
		};
		F698F1E626737C2600B79D04 /* Debug */ = {
			isa = XCBuildConfiguration;
			buildSettings = {
				ASSETCATALOG_COMPILER_APPICON_NAME = AppIcon;
				ASSETCATALOG_COMPILER_GLOBAL_ACCENT_COLOR_NAME = AccentColor;
				CODE_SIGN_STYLE = Automatic;
				DEVELOPMENT_TEAM = 39B2RY64BH;
				INFOPLIST_FILE = "To-Do Manager/Info.plist";
				LD_RUNPATH_SEARCH_PATHS = (
					"$(inherited)",
					"@executable_path/Frameworks",
				);
				PRODUCT_BUNDLE_IDENTIFIER = "Ys.To-Do-Manager";
				PRODUCT_NAME = "$(TARGET_NAME)";
				SWIFT_VERSION = 5.0;
				TARGETED_DEVICE_FAMILY = "1,2";
			};
			name = Debug;
		};
		F698F1E726737C2600B79D04 /* Release */ = {
			isa = XCBuildConfiguration;
			buildSettings = {
				ASSETCATALOG_COMPILER_APPICON_NAME = AppIcon;
				ASSETCATALOG_COMPILER_GLOBAL_ACCENT_COLOR_NAME = AccentColor;
				CODE_SIGN_STYLE = Automatic;
				DEVELOPMENT_TEAM = 39B2RY64BH;
				INFOPLIST_FILE = "To-Do Manager/Info.plist";
				LD_RUNPATH_SEARCH_PATHS = (
					"$(inherited)",
					"@executable_path/Frameworks",
				);
				PRODUCT_BUNDLE_IDENTIFIER = "Ys.To-Do-Manager";
				PRODUCT_NAME = "$(TARGET_NAME)";
				SWIFT_VERSION = 5.0;
				TARGETED_DEVICE_FAMILY = "1,2";
			};
			name = Release;
		};
/* End XCBuildConfiguration section */

/* Begin XCConfigurationList section */
		F698F1CC26737C2600B79D04 /* Build configuration list for PBXProject "To-Do Manager" */ = {
			isa = XCConfigurationList;
			buildConfigurations = (
				F698F1E326737C2600B79D04 /* Debug */,
				F698F1E426737C2600B79D04 /* Release */,
			);
			defaultConfigurationIsVisible = 0;
			defaultConfigurationName = Release;
		};
		F698F1E526737C2600B79D04 /* Build configuration list for PBXNativeTarget "To-Do Manager" */ = {
			isa = XCConfigurationList;
			buildConfigurations = (
				F698F1E626737C2600B79D04 /* Debug */,
				F698F1E726737C2600B79D04 /* Release */,
			);
			defaultConfigurationIsVisible = 0;
			defaultConfigurationName = Release;
		};
/* End XCConfigurationList section */
	};
	rootObject = F698F1C926737C2600B79D04 /* Project object */;
}
